// !$*UTF8*$!
{
	archiveVersion = 1;
	classes = {
	};
	objectVersion = 46;
	objects = {

/* Begin PBXBuildFile section */
		1C3DF13F1D825929004600F3 /* AppDelegate.swift in Sources */ = {isa = PBXBuildFile; fileRef = 1C3DF13E1D825929004600F3 /* AppDelegate.swift */; };
		1C3DF1411D825929004600F3 /* ViewController.swift in Sources */ = {isa = PBXBuildFile; fileRef = 1C3DF1401D825929004600F3 /* ViewController.swift */; };
		1C3DF1441D825929004600F3 /* Main.storyboard in Resources */ = {isa = PBXBuildFile; fileRef = 1C3DF1421D825929004600F3 /* Main.storyboard */; };
		1C3DF1461D825929004600F3 /* Assets.xcassets in Resources */ = {isa = PBXBuildFile; fileRef = 1C3DF1451D825929004600F3 /* Assets.xcassets */; };
		1C3DF1491D825929004600F3 /* LaunchScreen.storyboard in Resources */ = {isa = PBXBuildFile; fileRef = 1C3DF1471D825929004600F3 /* LaunchScreen.storyboard */; };
		1C3DF1541D825929004600F3 /* PittipTests.swift in Sources */ = {isa = PBXBuildFile; fileRef = 1C3DF1531D825929004600F3 /* PittipTests.swift */; };
		1C3DF15F1D825929004600F3 /* PittipUITests.swift in Sources */ = {isa = PBXBuildFile; fileRef = 1C3DF15E1D825929004600F3 /* PittipUITests.swift */; };
		1C5AA63D1D92587D0045DEEC /* SettingsViewController.swift in Sources */ = {isa = PBXBuildFile; fileRef = 1C5AA63C1D92587D0045DEEC /* SettingsViewController.swift */; };
/* End PBXBuildFile section */

/* Begin PBXContainerItemProxy section */
		1C3DF1501D825929004600F3 /* PBXContainerItemProxy */ = {
			isa = PBXContainerItemProxy;
			containerPortal = 1C3DF1331D825928004600F3 /* Project object */;
			proxyType = 1;
			remoteGlobalIDString = 1C3DF13A1D825928004600F3;
			remoteInfo = Pittip;
		};
		1C3DF15B1D825929004600F3 /* PBXContainerItemProxy */ = {
			isa = PBXContainerItemProxy;
			containerPortal = 1C3DF1331D825928004600F3 /* Project object */;
			proxyType = 1;
			remoteGlobalIDString = 1C3DF13A1D825928004600F3;
			remoteInfo = Pittip;
		};
/* End PBXContainerItemProxy section */

/* Begin PBXFileReference section */
		1C3DF13B1D825929004600F3 /* Pittip.app */ = {isa = PBXFileReference; explicitFileType = wrapper.application; includeInIndex = 0; path = Pittip.app; sourceTree = BUILT_PRODUCTS_DIR; };
		1C3DF13E1D825929004600F3 /* AppDelegate.swift */ = {isa = PBXFileReference; lastKnownFileType = sourcecode.swift; path = AppDelegate.swift; sourceTree = "<group>"; };
		1C3DF1401D825929004600F3 /* ViewController.swift */ = {isa = PBXFileReference; lastKnownFileType = sourcecode.swift; path = ViewController.swift; sourceTree = "<group>"; };
		1C3DF1431D825929004600F3 /* Base */ = {isa = PBXFileReference; lastKnownFileType = file.storyboard; name = Base; path = Base.lproj/Main.storyboard; sourceTree = "<group>"; };
		1C3DF1451D825929004600F3 /* Assets.xcassets */ = {isa = PBXFileReference; lastKnownFileType = folder.assetcatalog; path = Assets.xcassets; sourceTree = "<group>"; };
		1C3DF1481D825929004600F3 /* Base */ = {isa = PBXFileReference; lastKnownFileType = file.storyboard; name = Base; path = Base.lproj/LaunchScreen.storyboard; sourceTree = "<group>"; };
		1C3DF14A1D825929004600F3 /* Info.plist */ = {isa = PBXFileReference; lastKnownFileType = text.plist.xml; path = Info.plist; sourceTree = "<group>"; };
		1C3DF14F1D825929004600F3 /* PittipTests.xctest */ = {isa = PBXFileReference; explicitFileType = wrapper.cfbundle; includeInIndex = 0; path = PittipTests.xctest; sourceTree = BUILT_PRODUCTS_DIR; };
		1C3DF1531D825929004600F3 /* PittipTests.swift */ = {isa = PBXFileReference; lastKnownFileType = sourcecode.swift; path = PittipTests.swift; sourceTree = "<group>"; };
		1C3DF1551D825929004600F3 /* Info.plist */ = {isa = PBXFileReference; lastKnownFileType = text.plist.xml; path = Info.plist; sourceTree = "<group>"; };
		1C3DF15A1D825929004600F3 /* PittipUITests.xctest */ = {isa = PBXFileReference; explicitFileType = wrapper.cfbundle; includeInIndex = 0; path = PittipUITests.xctest; sourceTree = BUILT_PRODUCTS_DIR; };
		1C3DF15E1D825929004600F3 /* PittipUITests.swift */ = {isa = PBXFileReference; lastKnownFileType = sourcecode.swift; path = PittipUITests.swift; sourceTree = "<group>"; };
		1C3DF1601D825929004600F3 /* Info.plist */ = {isa = PBXFileReference; lastKnownFileType = text.plist.xml; path = Info.plist; sourceTree = "<group>"; };
		1C5AA63C1D92587D0045DEEC /* SettingsViewController.swift */ = {isa = PBXFileReference; fileEncoding = 4; lastKnownFileType = sourcecode.swift; path = SettingsViewController.swift; sourceTree = "<group>"; };
/* End PBXFileReference section */

/* Begin PBXFrameworksBuildPhase section */
		1C3DF1381D825928004600F3 /* Frameworks */ = {
			isa = PBXFrameworksBuildPhase;
			buildActionMask = 2147483647;
			files = (
			);
			runOnlyForDeploymentPostprocessing = 0;
		};
		1C3DF14C1D825929004600F3 /* Frameworks */ = {
			isa = PBXFrameworksBuildPhase;
			buildActionMask = 2147483647;
			files = (
			);
			runOnlyForDeploymentPostprocessing = 0;
		};
		1C3DF1571D825929004600F3 /* Frameworks */ = {
			isa = PBXFrameworksBuildPhase;
			buildActionMask = 2147483647;
			files = (
			);
			runOnlyForDeploymentPostprocessing = 0;
		};
/* End PBXFrameworksBuildPhase section */

/* Begin PBXGroup section */
		1C3DF1321D825928004600F3 = {
			isa = PBXGroup;
			children = (
				1C5AA63C1D92587D0045DEEC /* SettingsViewController.swift */,
				1C3DF13D1D825929004600F3 /* Pittip */,
				1C3DF1521D825929004600F3 /* PittipTests */,
				1C3DF15D1D825929004600F3 /* PittipUITests */,
				1C3DF13C1D825929004600F3 /* Products */,
			);
			sourceTree = "<group>";
		};
		1C3DF13C1D825929004600F3 /* Products */ = {
			isa = PBXGroup;
			children = (
				1C3DF13B1D825929004600F3 /* Pittip.app */,
				1C3DF14F1D825929004600F3 /* PittipTests.xctest */,
				1C3DF15A1D825929004600F3 /* PittipUITests.xctest */,
			);
			name = Products;
			sourceTree = "<group>";
		};
		1C3DF13D1D825929004600F3 /* Pittip */ = {
			isa = PBXGroup;
			children = (
				1C3DF13E1D825929004600F3 /* AppDelegate.swift */,
				1C3DF1401D825929004600F3 /* ViewController.swift */,
				1C3DF1421D825929004600F3 /* Main.storyboard */,
				1C3DF1451D825929004600F3 /* Assets.xcassets */,
				1C3DF1471D825929004600F3 /* LaunchScreen.storyboard */,
				1C3DF14A1D825929004600F3 /* Info.plist */,
			);
			path = Pittip;
			sourceTree = "<group>";
		};
		1C3DF1521D825929004600F3 /* PittipTests */ = {
			isa = PBXGroup;
			children = (
				1C3DF1531D825929004600F3 /* PittipTests.swift */,
				1C3DF1551D825929004600F3 /* Info.plist */,
			);
			path = PittipTests;
			sourceTree = "<group>";
		};
		1C3DF15D1D825929004600F3 /* PittipUITests */ = {
			isa = PBXGroup;
			children = (
				1C3DF15E1D825929004600F3 /* PittipUITests.swift */,
				1C3DF1601D825929004600F3 /* Info.plist */,
			);
			path = PittipUITests;
			sourceTree = "<group>";
		};
/* End PBXGroup section */

/* Begin PBXNativeTarget section */
		1C3DF13A1D825928004600F3 /* Pittip */ = {
			isa = PBXNativeTarget;
			buildConfigurationList = 1C3DF1631D825929004600F3 /* Build configuration list for PBXNativeTarget "Pittip" */;
			buildPhases = (
				1C3DF1371D825928004600F3 /* Sources */,
				1C3DF1381D825928004600F3 /* Frameworks */,
				1C3DF1391D825928004600F3 /* Resources */,
			);
			buildRules = (
			);
			dependencies = (
			);
			name = Pittip;
			productName = Pittip;
			productReference = 1C3DF13B1D825929004600F3 /* Pittip.app */;
			productType = "com.apple.product-type.application";
		};
		1C3DF14E1D825929004600F3 /* PittipTests */ = {
			isa = PBXNativeTarget;
			buildConfigurationList = 1C3DF1661D825929004600F3 /* Build configuration list for PBXNativeTarget "PittipTests" */;
			buildPhases = (
				1C3DF14B1D825929004600F3 /* Sources */,
				1C3DF14C1D825929004600F3 /* Frameworks */,
				1C3DF14D1D825929004600F3 /* Resources */,
			);
			buildRules = (
			);
			dependencies = (
				1C3DF1511D825929004600F3 /* PBXTargetDependency */,
			);
			name = PittipTests;
			productName = PittipTests;
			productReference = 1C3DF14F1D825929004600F3 /* PittipTests.xctest */;
			productType = "com.apple.product-type.bundle.unit-test";
		};
		1C3DF1591D825929004600F3 /* PittipUITests */ = {
			isa = PBXNativeTarget;
			buildConfigurationList = 1C3DF1691D825929004600F3 /* Build configuration list for PBXNativeTarget "PittipUITests" */;
			buildPhases = (
				1C3DF1561D825929004600F3 /* Sources */,
				1C3DF1571D825929004600F3 /* Frameworks */,
				1C3DF1581D825929004600F3 /* Resources */,
			);
			buildRules = (
			);
			dependencies = (
				1C3DF15C1D825929004600F3 /* PBXTargetDependency */,
			);
			name = PittipUITests;
			productName = PittipUITests;
			productReference = 1C3DF15A1D825929004600F3 /* PittipUITests.xctest */;
			productType = "com.apple.product-type.bundle.ui-testing";
		};
/* End PBXNativeTarget section */

/* Begin PBXProject section */
		1C3DF1331D825928004600F3 /* Project object */ = {
			isa = PBXProject;
			attributes = {
				LastSwiftUpdateCheck = 0730;
				LastUpgradeCheck = 0800;
				ORGANIZATIONNAME = "Sally Zhang";
				TargetAttributes = {
					1C3DF13A1D825928004600F3 = {
						CreatedOnToolsVersion = 7.3.1;
						DevelopmentTeam = CVC8VFT7NJ;
						LastSwiftMigration = 0800;
					};
					1C3DF14E1D825929004600F3 = {
						CreatedOnToolsVersion = 7.3.1;
						LastSwiftMigration = 0800;
						TestTargetID = 1C3DF13A1D825928004600F3;
					};
					1C3DF1591D825929004600F3 = {
						CreatedOnToolsVersion = 7.3.1;
						LastSwiftMigration = 0800;
						TestTargetID = 1C3DF13A1D825928004600F3;
					};
				};
			};
			buildConfigurationList = 1C3DF1361D825928004600F3 /* Build configuration list for PBXProject "Pittip" */;
			compatibilityVersion = "Xcode 3.2";
			developmentRegion = English;
			hasScannedForEncodings = 0;
			knownRegions = (
				en,
				Base,
			);
			mainGroup = 1C3DF1321D825928004600F3;
			productRefGroup = 1C3DF13C1D825929004600F3 /* Products */;
			projectDirPath = "";
			projectRoot = "";
			targets = (
				1C3DF13A1D825928004600F3 /* Pittip */,
				1C3DF14E1D825929004600F3 /* PittipTests */,
				1C3DF1591D825929004600F3 /* PittipUITests */,
			);
		};
/* End PBXProject section */

/* Begin PBXResourcesBuildPhase section */
		1C3DF1391D825928004600F3 /* Resources */ = {
			isa = PBXResourcesBuildPhase;
			buildActionMask = 2147483647;
			files = (
				1C3DF1491D825929004600F3 /* LaunchScreen.storyboard in Resources */,
				1C3DF1461D825929004600F3 /* Assets.xcassets in Resources */,
				1C3DF1441D825929004600F3 /* Main.storyboard in Resources */,
			);
			runOnlyForDeploymentPostprocessing = 0;
		};
		1C3DF14D1D825929004600F3 /* Resources */ = {
			isa = PBXResourcesBuildPhase;
			buildActionMask = 2147483647;
			files = (
			);
			runOnlyForDeploymentPostprocessing = 0;
		};
		1C3DF1581D825929004600F3 /* Resources */ = {
			isa = PBXResourcesBuildPhase;
			buildActionMask = 2147483647;
			files = (
			);
			runOnlyForDeploymentPostprocessing = 0;
		};
/* End PBXResourcesBuildPhase section */

/* Begin PBXSourcesBuildPhase section */
		1C3DF1371D825928004600F3 /* Sources */ = {
			isa = PBXSourcesBuildPhase;
			buildActionMask = 2147483647;
			files = (
				1C3DF1411D825929004600F3 /* ViewController.swift in Sources */,
				1C3DF13F1D825929004600F3 /* AppDelegate.swift in Sources */,
				1C5AA63D1D92587D0045DEEC /* SettingsViewController.swift in Sources */,
			);
			runOnlyForDeploymentPostprocessing = 0;
		};
		1C3DF14B1D825929004600F3 /* Sources */ = {
			isa = PBXSourcesBuildPhase;
			buildActionMask = 2147483647;
			files = (
				1C3DF1541D825929004600F3 /* PittipTests.swift in Sources */,
			);
			runOnlyForDeploymentPostprocessing = 0;
		};
		1C3DF1561D825929004600F3 /* Sources */ = {
			isa = PBXSourcesBuildPhase;
			buildActionMask = 2147483647;
			files = (
				1C3DF15F1D825929004600F3 /* PittipUITests.swift in Sources */,
			);
			runOnlyForDeploymentPostprocessing = 0;
		};
/* End PBXSourcesBuildPhase section */

/* Begin PBXTargetDependency section */
		1C3DF1511D825929004600F3 /* PBXTargetDependency */ = {
			isa = PBXTargetDependency;
			target = 1C3DF13A1D825928004600F3 /* Pittip */;
			targetProxy = 1C3DF1501D825929004600F3 /* PBXContainerItemProxy */;
		};
		1C3DF15C1D825929004600F3 /* PBXTargetDependency */ = {
			isa = PBXTargetDependency;
			target = 1C3DF13A1D825928004600F3 /* Pittip */;
			targetProxy = 1C3DF15B1D825929004600F3 /* PBXContainerItemProxy */;
		};
/* End PBXTargetDependency section */

/* Begin PBXVariantGroup section */
		1C3DF1421D825929004600F3 /* Main.storyboard */ = {
			isa = PBXVariantGroup;
			children = (
				1C3DF1431D825929004600F3 /* Base */,
			);
			name = Main.storyboard;
			sourceTree = "<group>";
		};
		1C3DF1471D825929004600F3 /* LaunchScreen.storyboard */ = {
			isa = PBXVariantGroup;
			children = (
				1C3DF1481D825929004600F3 /* Base */,
			);
			name = LaunchScreen.storyboard;
			sourceTree = "<group>";
		};
/* End PBXVariantGroup section */

/* Begin XCBuildConfiguration section */
		1C3DF1611D825929004600F3 /* Debug */ = {
			isa = XCBuildConfiguration;
			buildSettings = {
				ALWAYS_SEARCH_USER_PATHS = NO;
				CLANG_ANALYZER_NONNULL = YES;
				CLANG_CXX_LANGUAGE_STANDARD = "gnu++0x";
				CLANG_CXX_LIBRARY = "libc++";
				CLANG_ENABLE_MODULES = YES;
				CLANG_ENABLE_OBJC_ARC = YES;
				CLANG_WARN_BOOL_CONVERSION = YES;
				CLANG_WARN_CONSTANT_CONVERSION = YES;
				CLANG_WARN_DIRECT_OBJC_ISA_USAGE = YES_ERROR;
				CLANG_WARN_EMPTY_BODY = YES;
				CLANG_WARN_ENUM_CONVERSION = YES;
				CLANG_WARN_INFINITE_RECURSION = YES;
				CLANG_WARN_INT_CONVERSION = YES;
				CLANG_WARN_OBJC_ROOT_CLASS = YES_ERROR;
				CLANG_WARN_SUSPICIOUS_MOVE = YES;
				CLANG_WARN_UNREACHABLE_CODE = YES;
				CLANG_WARN__DUPLICATE_METHOD_MATCH = YES;
				"CODE_SIGN_IDENTITY[sdk=iphoneos*]" = "iPhone Developer";
				COPY_PHASE_STRIP = NO;
				DEBUG_INFORMATION_FORMAT = dwarf;
				ENABLE_STRICT_OBJC_MSGSEND = YES;
				ENABLE_TESTABILITY = YES;
				GCC_C_LANGUAGE_STANDARD = gnu99;
				GCC_DYNAMIC_NO_PIC = NO;
				GCC_NO_COMMON_BLOCKS = YES;
				GCC_OPTIMIZATION_LEVEL = 0;
				GCC_PREPROCESSOR_DEFINITIONS = (
					"DEBUG=1",
					"$(inherited)",
				);
				GCC_WARN_64_TO_32_BIT_CONVERSION = YES;
				GCC_WARN_ABOUT_RETURN_TYPE = YES_ERROR;
				GCC_WARN_UNDECLARED_SELECTOR = YES;
				GCC_WARN_UNINITIALIZED_AUTOS = YES_AGGRESSIVE;
				GCC_WARN_UNUSED_FUNCTION = YES;
				GCC_WARN_UNUSED_VARIABLE = YES;
				IPHONEOS_DEPLOYMENT_TARGET = 9.3;
				MTL_ENABLE_DEBUG_INFO = YES;
				ONLY_ACTIVE_ARCH = YES;
				SDKROOT = iphoneos;
				SWIFT_OPTIMIZATION_LEVEL = "-Onone";
			};
			name = Debug;
		};
		1C3DF1621D825929004600F3 /* Release */ = {
			isa = XCBuildConfiguration;
			buildSettings = {
				ALWAYS_SEARCH_USER_PATHS = NO;
				CLANG_ANALYZER_NONNULL = YES;
				CLANG_CXX_LANGUAGE_STANDARD = "gnu++0x";
				CLANG_CXX_LIBRARY = "libc++";
				CLANG_ENABLE_MODULES = YES;
				CLANG_ENABLE_OBJC_ARC = YES;
				CLANG_WARN_BOOL_CONVERSION = YES;
				CLANG_WARN_CONSTANT_CONVERSION = YES;
				CLANG_WARN_DIRECT_OBJC_ISA_USAGE = YES_ERROR;
				CLANG_WARN_EMPTY_BODY = YES;
				CLANG_WARN_ENUM_CONVERSION = YES;
				CLANG_WARN_INFINITE_RECURSION = YES;
				CLANG_WARN_INT_CONVERSION = YES;
				CLANG_WARN_OBJC_ROOT_CLASS = YES_ERROR;
				CLANG_WARN_SUSPICIOUS_MOVE = YES;
				CLANG_WARN_UNREACHABLE_CODE = YES;
				CLANG_WARN__DUPLICATE_METHOD_MATCH = YES;
				"CODE_SIGN_IDENTITY[sdk=iphoneos*]" = "iPhone Developer";
				COPY_PHASE_STRIP = NO;
				DEBUG_INFORMATION_FORMAT = "dwarf-with-dsym";
				ENABLE_NS_ASSERTIONS = NO;
				ENABLE_STRICT_OBJC_MSGSEND = YES;
				GCC_C_LANGUAGE_STANDARD = gnu99;
				GCC_NO_COMMON_BLOCKS = YES;
				GCC_WARN_64_TO_32_BIT_CONVERSION = YES;
				GCC_WARN_ABOUT_RETURN_TYPE = YES_ERROR;
				GCC_WARN_UNDECLARED_SELECTOR = YES;
				GCC_WARN_UNINITIALIZED_AUTOS = YES_AGGRESSIVE;
				GCC_WARN_UNUSED_FUNCTION = YES;
				GCC_WARN_UNUSED_VARIABLE = YES;
				IPHONEOS_DEPLOYMENT_TARGET = 9.3;
				MTL_ENABLE_DEBUG_INFO = NO;
				SDKROOT = iphoneos;
				SWIFT_OPTIMIZATION_LEVEL = "-Owholemodule";
				VALIDATE_PRODUCT = YES;
			};
			name = Release;
		};
		1C3DF1641D825929004600F3 /* Debug */ = {
			isa = XCBuildConfiguration;
			buildSettings = {
				ASSETCATALOG_COMPILER_APPICON_NAME = AppIcon;
				CODE_SIGN_IDENTITY = "iPhone Developer";
				"CODE_SIGN_IDENTITY[sdk=iphoneos*]" = "iPhone Developer";
				INFOPLIST_FILE = Pittip/Info.plist;
				LD_RUNPATH_SEARCH_PATHS = "$(inherited) @executable_path/Frameworks";
				PRODUCT_BUNDLE_IDENTIFIER = com.sallyxdz.Pittip;
				PRODUCT_NAME = "$(TARGET_NAME)";
				PROVISIONING_PROFILE = "";
				SWIFT_VERSION = 3.0;
			};
			name = Debug;
		};
		1C3DF1651D825929004600F3 /* Release */ = {
			isa = XCBuildConfiguration;
			buildSettings = {
				ASSETCATALOG_COMPILER_APPICON_NAME = AppIcon;
				CODE_SIGN_IDENTITY = "iPhone Developer";
				"CODE_SIGN_IDENTITY[sdk=iphoneos*]" = "iPhone Developer";
				INFOPLIST_FILE = Pittip/Info.plist;
				LD_RUNPATH_SEARCH_PATHS = "$(inherited) @executable_path/Frameworks";
				PRODUCT_BUNDLE_IDENTIFIER = com.sallyxdz.Pittip;
				PRODUCT_NAME = "$(TARGET_NAME)";
				PROVISIONING_PROFILE = "";
				SWIFT_VERSION = 3.0;
			};
			name = Release;
		};
		1C3DF1671D825929004600F3 /* Debug */ = {
			isa = XCBuildConfiguration;
			buildSettings = {
				BUNDLE_LOADER = "$(TEST_HOST)";
				INFOPLIST_FILE = PittipTests/Info.plist;
				LD_RUNPATH_SEARCH_PATHS = "$(inherited) @executable_path/Frameworks @loader_path/Frameworks";
				PRODUCT_BUNDLE_IDENTIFIER = com.sallyxdz.PittipTests;
				PRODUCT_NAME = "$(TARGET_NAME)";
				SWIFT_VERSION = 3.0;
				TEST_HOST = "$(BUILT_PRODUCTS_DIR)/Pittip.app/Pittip";
			};
			name = Debug;
		};
		1C3DF1681D825929004600F3 /* Release */ = {
			isa = XCBuildConfiguration;
			buildSettings = {
				BUNDLE_LOADER = "$(TEST_HOST)";
				INFOPLIST_FILE = PittipTests/Info.plist;
				LD_RUNPATH_SEARCH_PATHS = "$(inherited) @executable_path/Frameworks @loader_path/Frameworks";
				PRODUCT_BUNDLE_IDENTIFIER = com.sallyxdz.PittipTests;
				PRODUCT_NAME = "$(TARGET_NAME)";
				SWIFT_VERSION = 3.0;
				TEST_HOST = "$(BUILT_PRODUCTS_DIR)/Pittip.app/Pittip";
			};
			name = Release;
		};
		1C3DF16A1D825929004600F3 /* Debug */ = {
			isa = XCBuildConfiguration;
			buildSettings = {
				INFOPLIST_FILE = PittipUITests/Info.plist;
				LD_RUNPATH_SEARCH_PATHS = "$(inherited) @executable_path/Frameworks @loader_path/Frameworks";
				PRODUCT_BUNDLE_IDENTIFIER = com.sallyxdz.PittipUITests;
				PRODUCT_NAME = "$(TARGET_NAME)";
				SWIFT_VERSION = 3.0;
				TEST_TARGET_NAME = Pittip;
			};
			name = Debug;
		};
		1C3DF16B1D825929004600F3 /* Release */ = {
			isa = XCBuildConfiguration;
			buildSettings = {
				INFOPLIST_FILE = PittipUITests/Info.plist;
				LD_RUNPATH_SEARCH_PATHS = "$(inherited) @executable_path/Frameworks @loader_path/Frameworks";
				PRODUCT_BUNDLE_IDENTIFIER = com.sallyxdz.PittipUITests;
				PRODUCT_NAME = "$(TARGET_NAME)";
				SWIFT_VERSION = 3.0;
				TEST_TARGET_NAME = Pittip;
			};
			name = Release;
		};
/* End XCBuildConfiguration section */

/* Begin XCConfigurationList section */
		1C3DF1361D825928004600F3 /* Build configuration list for PBXProject "Pittip" */ = {
			isa = XCConfigurationList;
			buildConfigurations = (
				1C3DF1611D825929004600F3 /* Debug */,
				1C3DF1621D825929004600F3 /* Release */,
			);
			defaultConfigurationIsVisible = 0;
			defaultConfigurationName = Release;
		};
		1C3DF1631D825929004600F3 /* Build configuration list for PBXNativeTarget "Pittip" */ = {
			isa = XCConfigurationList;
			buildConfigurations = (
				1C3DF1641D825929004600F3 /* Debug */,
				1C3DF1651D825929004600F3 /* Release */,
			);
			defaultConfigurationIsVisible = 0;
			defaultConfigurationName = Release;
		};
		1C3DF1661D825929004600F3 /* Build configuration list for PBXNativeTarget "PittipTests" */ = {
			isa = XCConfigurationList;
			buildConfigurations = (
				1C3DF1671D825929004600F3 /* Debug */,
				1C3DF1681D825929004600F3 /* Release */,
			);
			defaultConfigurationIsVisible = 0;
			defaultConfigurationName = Release;
		};
		1C3DF1691D825929004600F3 /* Build configuration list for PBXNativeTarget "PittipUITests" */ = {
			isa = XCConfigurationList;
			buildConfigurations = (
				1C3DF16A1D825929004600F3 /* Debug */,
				1C3DF16B1D825929004600F3 /* Release */,
			);
			defaultConfigurationIsVisible = 0;
			defaultConfigurationName = Release;
		};
/* End XCConfigurationList section */
	};
	rootObject = 1C3DF1331D825928004600F3 /* Project object */;
}
